
Microsoft Visual Studio Solution File, Format Version 12.00
# Visual Studio 15
VisualStudioVersion = 15.0.27130.2026
MinimumVisualStudioVersion = 10.0.40219.1
Project("{FAE04EC0-301F-11D3-BF4B-00C04F79EFBC}") = "Treatment.Console", "Treatment.Console\Treatment.Console.csproj", "{8C296460-B1AA-4528-BFD8-0D1A173A61D2}"
EndProject
Project("{FAE04EC0-301F-11D3-BF4B-00C04F79EFBC}") = "Treatment.Core.Tests", "Treatment.Core.Tests\Treatment.Core.Tests.csproj", "{49235119-8C43-4EF0-A2A6-36A029F629C0}"
EndProject
Project("{FAE04EC0-301F-11D3-BF4B-00C04F79EFBC}") = "Treatment.Plugin.Everything", "Treatment.Plugin.Everything\Treatment.Plugin.Everything.csproj", "{8315A778-6A3D-4881-8889-9E08A292AFC0}"
EndProject
Project("{2150E333-8FDC-42A3-9474-1A3956D46DE8}") = "Plugin", "Plugin", "{D69471DB-23C1-4089-A958-432B232A3B3A}"
EndProject
Project("{FAE04EC0-301F-11D3-BF4B-00C04F79EFBC}") = "Treatment.Core", "Treatment.Core\Treatment.Core.csproj", "{852975DA-CBF2-4659-8DA4-3AA6A1B5AA25}"
EndProject
Global
	GlobalSection(SolutionConfigurationPlatforms) = preSolution
		Debug|Any CPU = Debug|Any CPU
		Release|Any CPU = Release|Any CPU
	EndGlobalSection
	GlobalSection(ProjectConfigurationPlatforms) = postSolution
		{8C296460-B1AA-4528-BFD8-0D1A173A61D2}.Debug|Any CPU.ActiveCfg = Debug|Any CPU
		{8C296460-B1AA-4528-BFD8-0D1A173A61D2}.Debug|Any CPU.Build.0 = Debug|Any CPU
		{8C296460-B1AA-4528-BFD8-0D1A173A61D2}.Release|Any CPU.ActiveCfg = Release|Any CPU
		{8C296460-B1AA-4528-BFD8-0D1A173A61D2}.Release|Any CPU.Build.0 = Release|Any CPU
		{49235119-8C43-4EF0-A2A6-36A029F629C0}.Debug|Any CPU.ActiveCfg = Debug|Any CPU
		{49235119-8C43-4EF0-A2A6-36A029F629C0}.Debug|Any CPU.Build.0 = Debug|Any CPU
		{49235119-8C43-4EF0-A2A6-36A029F629C0}.Release|Any CPU.ActiveCfg = Release|Any CPU
		{49235119-8C43-4EF0-A2A6-36A029F629C0}.Release|Any CPU.Build.0 = Release|Any CPU
		{8315A778-6A3D-4881-8889-9E08A292AFC0}.Debug|Any CPU.ActiveCfg = Debug|Any CPU
		{8315A778-6A3D-4881-8889-9E08A292AFC0}.Debug|Any CPU.Build.0 = Debug|Any CPU
		{8315A778-6A3D-4881-8889-9E08A292AFC0}.Release|Any CPU.ActiveCfg = Release|Any CPU
		{8315A778-6A3D-4881-8889-9E08A292AFC0}.Release|Any CPU.Build.0 = Release|Any CPU
		{852975DA-CBF2-4659-8DA4-3AA6A1B5AA25}.Debug|Any CPU.ActiveCfg = Debug|Any CPU
		{852975DA-CBF2-4659-8DA4-3AA6A1B5AA25}.Debug|Any CPU.Build.0 = Debug|Any CPU
		{852975DA-CBF2-4659-8DA4-3AA6A1B5AA25}.Release|Any CPU.ActiveCfg = Release|Any CPU
		{852975DA-CBF2-4659-8DA4-3AA6A1B5AA25}.Release|Any CPU.Build.0 = Release|Any CPU
	EndGlobalSection
	GlobalSection(SolutionProperties) = preSolution
		HideSolutionNode = FALSE
	EndGlobalSection
	GlobalSection(NestedProjects) = preSolution
		{8315A778-6A3D-4881-8889-9E08A292AFC0} = {D69471DB-23C1-4089-A958-432B232A3B3A}
	EndGlobalSection
	GlobalSection(ExtensibilityGlobals) = postSolution
		SolutionGuid = {192610B5-8639-40A0-AD86-79C24A14C9B9}
	EndGlobalSection
EndGlobal
